
Microsoft Visual Studio Solution File, Format Version 12.00
# Visual Studio Version 17
VisualStudioVersion = 17.10.35013.160
MinimumVisualStudioVersion = 10.0.40219.1
Project("{FAE04EC0-301F-11D3-BF4B-00C04F79EFBC}") = "PotaxieSport", "PotaxieSport\PotaxieSport.csproj", "{36E67AF7-0377-45D8-94D1-C633136568B9}"
EndProject
Global
	GlobalSection(SolutionConfigurationPlatforms) = preSolution
		Debug|Any CPU = Debug|Any CPU
		Release|Any CPU = Release|Any CPU
	EndGlobalSection
	GlobalSection(ProjectConfigurationPlatforms) = postSolution
		{36E67AF7-0377-45D8-94D1-C633136568B9}.Debug|Any CPU.ActiveCfg = Debug|Any CPU
		{36E67AF7-0377-45D8-94D1-C633136568B9}.Debug|Any CPU.Build.0 = Debug|Any CPU
		{36E67AF7-0377-45D8-94D1-C633136568B9}.Release|Any CPU.ActiveCfg = Release|Any CPU
		{36E67AF7-0377-45D8-94D1-C633136568B9}.Release|Any CPU.Build.0 = Release|Any CPU
	EndGlobalSection
	GlobalSection(SolutionProperties) = preSolution
		HideSolutionNode = FALSE
	EndGlobalSection
	GlobalSection(ExtensibilityGlobals) = postSolution
		SolutionGuid = {719BA61B-CF55-4984-B55B-B6A4C9FE2F2C}
	EndGlobalSection
EndGlobal
